
Microsoft Visual Studio Solution File, Format Version 12.00
# Visual Studio Version 16
VisualStudioVersion = 16.0.32413.511
MinimumVisualStudioVersion = 10.0.40219.1
Project("{FAE04EC0-301F-11D3-BF4B-00C04F79EFBC}") = "shop", "shop\shop.csproj", "{C30A80F6-71EE-43D0-8023-9C9675CE9897}"
EndProject
Global
	GlobalSection(SolutionConfigurationPlatforms) = preSolution
		Debug|Any CPU = Debug|Any CPU
		Release|Any CPU = Release|Any CPU
	EndGlobalSection
	GlobalSection(ProjectConfigurationPlatforms) = postSolution
		{C30A80F6-71EE-43D0-8023-9C9675CE9897}.Debug|Any CPU.ActiveCfg = Debug|Any CPU
		{C30A80F6-71EE-43D0-8023-9C9675CE9897}.Debug|Any CPU.Build.0 = Debug|Any CPU
		{C30A80F6-71EE-43D0-8023-9C9675CE9897}.Release|Any CPU.ActiveCfg = Release|Any CPU
		{C30A80F6-71EE-43D0-8023-9C9675CE9897}.Release|Any CPU.Build.0 = Release|Any CPU
	EndGlobalSection
	GlobalSection(SolutionProperties) = preSolution
		HideSolutionNode = FALSE
	EndGlobalSection
	GlobalSection(ExtensibilityGlobals) = postSolution
		SolutionGuid = {EC01268D-9E4C-4E68-9592-F38D868D4072}
	EndGlobalSection
EndGlobal
